
Microsoft Visual Studio Solution File, Format Version 12.00
# Visual Studio 15
VisualStudioVersion = 15.0.35319.79
MinimumVisualStudioVersion = 10.0.40219.1
Project("{FAE04EC0-301F-11D3-BF4B-00C04F79EFBC}") = "MyLib1", "MyLib1\MyLib1.csproj", "{B4E9E13E-F7D0-42AF-AF2C-99F4724BA911}"
EndProject
Project("{FAE04EC0-301F-11D3-BF4B-00C04F79EFBC}") = "MyApp1", "MyApp1\MyApp1.csproj", "{E2E094F9-3E60-41E1-ADB4-6614375271C0}"
EndProject
Project("{FAE04EC0-301F-11D3-BF4B-00C04F79EFBC}") = "Types1", "Types1\Types1.csproj", "{4D82368D-DC88-4024-888A-5156FDA5AB77}"
EndProject
Project("{FAE04EC0-301F-11D3-BF4B-00C04F79EFBC}") = "Types2", "Types2\Types2.csproj", "{6C38669F-AE22-4086-809E-6AAD25F6949F}"
EndProject
Project("{FAE04EC0-301F-11D3-BF4B-00C04F79EFBC}") = "String1", "String1\String1.csproj", "{3E9BC988-74B3-4D0E-BA34-EF1BDCE95387}"
EndProject
Project("{FAE04EC0-301F-11D3-BF4B-00C04F79EFBC}") = "String2", "String2\String2.csproj", "{338B557F-2989-4D5E-9507-15DBF1725EA3}"
EndProject
Project("{FAE04EC0-301F-11D3-BF4B-00C04F79EFBC}") = "Types3", "Types3\Types3.csproj", "{5D81F142-AAB4-4789-8FF3-21DF793DC383}"
EndProject
Project("{FAE04EC0-301F-11D3-BF4B-00C04F79EFBC}") = "Types4", "Types4\Types4.csproj", "{99C2EB3C-7076-4528-8ECB-EE98EA6607E5}"
EndProject
Project("{FAE04EC0-301F-11D3-BF4B-00C04F79EFBC}") = "String3", "String3\String3.csproj", "{DC5FC549-E960-4010-8703-BDA8581547AC}"
EndProject
Project("{FAE04EC0-301F-11D3-BF4B-00C04F79EFBC}") = "String4", "String4\String4.csproj", "{1F1650F0-D188-4E02-9D42-8027E6705361}"
EndProject
Project("{FAE04EC0-301F-11D3-BF4B-00C04F79EFBC}") = "Regex1", "Regex1\Regex1.csproj", "{F105BCAA-B1BF-4EE8-8B5B-0AAFBDC7F04A}"
EndProject
Project("{FAE04EC0-301F-11D3-BF4B-00C04F79EFBC}") = "Regex2", "Regex2\Regex2.csproj", "{858C39B6-629D-4C3E-A650-40B742D0ECCC}"
EndProject
Project("{FAE04EC0-301F-11D3-BF4B-00C04F79EFBC}") = "Regex3", "Regex3\Regex3.csproj", "{630EA81F-5749-4D5D-B6F8-0DC60F1DF6F2}"
EndProject
Project("{FAE04EC0-301F-11D3-BF4B-00C04F79EFBC}") = "DateTime1", "DateTime1\DateTime1.csproj", "{A676DC80-086E-49BF-84A1-0292C70D0968}"
EndProject
Project("{FAE04EC0-301F-11D3-BF4B-00C04F79EFBC}") = "DateTime2", "DateTime2\DateTime2.csproj", "{220CEC24-7769-4162-8A98-664D8115518E}"
EndProject
Project("{FAE04EC0-301F-11D3-BF4B-00C04F79EFBC}") = "DateTime3", "DateTime3\DateTime3.csproj", "{25FA6710-095A-404E-A56B-4B00709079A3}"
EndProject
Project("{FAE04EC0-301F-11D3-BF4B-00C04F79EFBC}") = "Culture1", "Culture1\Culture1.csproj", "{1E609FEC-C70C-44BC-9F2B-366E5D36B4F0}"
EndProject
Project("{FAE04EC0-301F-11D3-BF4B-00C04F79EFBC}") = "Array1", "Array1\Array1.csproj", "{773AF582-120C-4A25-85D5-5997633EA4B1}"
EndProject
Project("{FAE04EC0-301F-11D3-BF4B-00C04F79EFBC}") = "Array2", "Array2\Array2.csproj", "{FC8871AF-832F-463E-8958-8ABA0C56A7FB}"
EndProject
Project("{FAE04EC0-301F-11D3-BF4B-00C04F79EFBC}") = "Array3", "Array3\Array3.csproj", "{8D6FD286-1A7F-44D1-8391-EFF479A46C37}"
EndProject
Project("{FAE04EC0-301F-11D3-BF4B-00C04F79EFBC}") = "Array4", "Array4\Array4.csproj", "{811BD166-C50E-4DA3-A732-DBB73D6E4947}"
EndProject
Project("{FAE04EC0-301F-11D3-BF4B-00C04F79EFBC}") = "Array5", "Array5\Array5.csproj", "{7A8EA45D-791F-4A6E-8687-7CFEBD2B3D05}"
EndProject
Project("{FAE04EC0-301F-11D3-BF4B-00C04F79EFBC}") = "BInary1", "BInary1\BInary1.csproj", "{45245DD0-756B-452A-8C01-43CFC42F9D31}"
EndProject
Project("{FAE04EC0-301F-11D3-BF4B-00C04F79EFBC}") = "Binary2", "Binary2\Binary2.csproj", "{B23B6FCF-E405-4E24-BBDC-052FDFCA9B38}"
EndProject
Project("{FAE04EC0-301F-11D3-BF4B-00C04F79EFBC}") = "Array6", "Array6\Array6.csproj", "{4C462E56-AC56-4AA6-8FCF-BAE2D3A0AF17}"
EndProject
Project("{FAE04EC0-301F-11D3-BF4B-00C04F79EFBC}") = "Collect1", "Collect1\Collect1.csproj", "{ADD03EDA-6E4D-429F-BBBF-7A4C7D8191ED}"
EndProject
Project("{FAE04EC0-301F-11D3-BF4B-00C04F79EFBC}") = "Collect2", "Collect2\Collect2.csproj", "{70095614-CEF8-48A5-BDA4-2900345244DE}"
EndProject
Project("{FAE04EC0-301F-11D3-BF4B-00C04F79EFBC}") = "Collect3", "Collect3\Collect3.csproj", "{ADF4FD04-A7E0-45B2-AFE0-E523302CC7A8}"
EndProject
Project("{FAE04EC0-301F-11D3-BF4B-00C04F79EFBC}") = "Collect4", "Collect4\Collect4.csproj", "{8A2EB40A-5D79-4372-A881-D26058D3C968}"
EndProject
Project("{FAE04EC0-301F-11D3-BF4B-00C04F79EFBC}") = "Collect5", "Collect5\Collect5.csproj", "{AC8A06C4-0DDD-4194-AD28-24011B222FBC}"
EndProject
Global
	GlobalSection(SolutionConfigurationPlatforms) = preSolution
		Debug|Any CPU = Debug|Any CPU
		Release|Any CPU = Release|Any CPU
	EndGlobalSection
	GlobalSection(ProjectConfigurationPlatforms) = postSolution
		{B4E9E13E-F7D0-42AF-AF2C-99F4724BA911}.Debug|Any CPU.ActiveCfg = Debug|Any CPU
		{B4E9E13E-F7D0-42AF-AF2C-99F4724BA911}.Debug|Any CPU.Build.0 = Debug|Any CPU
		{B4E9E13E-F7D0-42AF-AF2C-99F4724BA911}.Release|Any CPU.ActiveCfg = Release|Any CPU
		{B4E9E13E-F7D0-42AF-AF2C-99F4724BA911}.Release|Any CPU.Build.0 = Release|Any CPU
		{E2E094F9-3E60-41E1-ADB4-6614375271C0}.Debug|Any CPU.ActiveCfg = Debug|Any CPU
		{E2E094F9-3E60-41E1-ADB4-6614375271C0}.Debug|Any CPU.Build.0 = Debug|Any CPU
		{E2E094F9-3E60-41E1-ADB4-6614375271C0}.Release|Any CPU.ActiveCfg = Release|Any CPU
		{E2E094F9-3E60-41E1-ADB4-6614375271C0}.Release|Any CPU.Build.0 = Release|Any CPU
		{4D82368D-DC88-4024-888A-5156FDA5AB77}.Debug|Any CPU.ActiveCfg = Debug|Any CPU
		{4D82368D-DC88-4024-888A-5156FDA5AB77}.Debug|Any CPU.Build.0 = Debug|Any CPU
		{4D82368D-DC88-4024-888A-5156FDA5AB77}.Release|Any CPU.ActiveCfg = Release|Any CPU
		{4D82368D-DC88-4024-888A-5156FDA5AB77}.Release|Any CPU.Build.0 = Release|Any CPU
		{6C38669F-AE22-4086-809E-6AAD25F6949F}.Debug|Any CPU.ActiveCfg = Debug|Any CPU
		{6C38669F-AE22-4086-809E-6AAD25F6949F}.Debug|Any CPU.Build.0 = Debug|Any CPU
		{6C38669F-AE22-4086-809E-6AAD25F6949F}.Release|Any CPU.ActiveCfg = Release|Any CPU
		{6C38669F-AE22-4086-809E-6AAD25F6949F}.Release|Any CPU.Build.0 = Release|Any CPU
		{3E9BC988-74B3-4D0E-BA34-EF1BDCE95387}.Debug|Any CPU.ActiveCfg = Debug|Any CPU
		{3E9BC988-74B3-4D0E-BA34-EF1BDCE95387}.Debug|Any CPU.Build.0 = Debug|Any CPU
		{3E9BC988-74B3-4D0E-BA34-EF1BDCE95387}.Release|Any CPU.ActiveCfg = Release|Any CPU
		{3E9BC988-74B3-4D0E-BA34-EF1BDCE95387}.Release|Any CPU.Build.0 = Release|Any CPU
		{338B557F-2989-4D5E-9507-15DBF1725EA3}.Debug|Any CPU.ActiveCfg = Debug|Any CPU
		{338B557F-2989-4D5E-9507-15DBF1725EA3}.Debug|Any CPU.Build.0 = Debug|Any CPU
		{338B557F-2989-4D5E-9507-15DBF1725EA3}.Release|Any CPU.ActiveCfg = Release|Any CPU
		{338B557F-2989-4D5E-9507-15DBF1725EA3}.Release|Any CPU.Build.0 = Release|Any CPU
		{5D81F142-AAB4-4789-8FF3-21DF793DC383}.Debug|Any CPU.ActiveCfg = Debug|Any CPU
		{5D81F142-AAB4-4789-8FF3-21DF793DC383}.Debug|Any CPU.Build.0 = Debug|Any CPU
		{5D81F142-AAB4-4789-8FF3-21DF793DC383}.Release|Any CPU.ActiveCfg = Release|Any CPU
		{5D81F142-AAB4-4789-8FF3-21DF793DC383}.Release|Any CPU.Build.0 = Release|Any CPU
		{99C2EB3C-7076-4528-8ECB-EE98EA6607E5}.Debug|Any CPU.ActiveCfg = Debug|Any CPU
		{99C2EB3C-7076-4528-8ECB-EE98EA6607E5}.Debug|Any CPU.Build.0 = Debug|Any CPU
		{99C2EB3C-7076-4528-8ECB-EE98EA6607E5}.Release|Any CPU.ActiveCfg = Release|Any CPU
		{99C2EB3C-7076-4528-8ECB-EE98EA6607E5}.Release|Any CPU.Build.0 = Release|Any CPU
		{DC5FC549-E960-4010-8703-BDA8581547AC}.Debug|Any CPU.ActiveCfg = Debug|Any CPU
		{DC5FC549-E960-4010-8703-BDA8581547AC}.Debug|Any CPU.Build.0 = Debug|Any CPU
		{DC5FC549-E960-4010-8703-BDA8581547AC}.Release|Any CPU.ActiveCfg = Release|Any CPU
		{DC5FC549-E960-4010-8703-BDA8581547AC}.Release|Any CPU.Build.0 = Release|Any CPU
		{1F1650F0-D188-4E02-9D42-8027E6705361}.Debug|Any CPU.ActiveCfg = Debug|Any CPU
		{1F1650F0-D188-4E02-9D42-8027E6705361}.Debug|Any CPU.Build.0 = Debug|Any CPU
		{1F1650F0-D188-4E02-9D42-8027E6705361}.Release|Any CPU.ActiveCfg = Release|Any CPU
		{1F1650F0-D188-4E02-9D42-8027E6705361}.Release|Any CPU.Build.0 = Release|Any CPU
		{F105BCAA-B1BF-4EE8-8B5B-0AAFBDC7F04A}.Debug|Any CPU.ActiveCfg = Debug|Any CPU
		{F105BCAA-B1BF-4EE8-8B5B-0AAFBDC7F04A}.Debug|Any CPU.Build.0 = Debug|Any CPU
		{F105BCAA-B1BF-4EE8-8B5B-0AAFBDC7F04A}.Release|Any CPU.ActiveCfg = Release|Any CPU
		{F105BCAA-B1BF-4EE8-8B5B-0AAFBDC7F04A}.Release|Any CPU.Build.0 = Release|Any CPU
		{858C39B6-629D-4C3E-A650-40B742D0ECCC}.Debug|Any CPU.ActiveCfg = Debug|Any CPU
		{858C39B6-629D-4C3E-A650-40B742D0ECCC}.Debug|Any CPU.Build.0 = Debug|Any CPU
		{858C39B6-629D-4C3E-A650-40B742D0ECCC}.Release|Any CPU.ActiveCfg = Release|Any CPU
		{858C39B6-629D-4C3E-A650-40B742D0ECCC}.Release|Any CPU.Build.0 = Release|Any CPU
		{630EA81F-5749-4D5D-B6F8-0DC60F1DF6F2}.Debug|Any CPU.ActiveCfg = Debug|Any CPU
		{630EA81F-5749-4D5D-B6F8-0DC60F1DF6F2}.Debug|Any CPU.Build.0 = Debug|Any CPU
		{630EA81F-5749-4D5D-B6F8-0DC60F1DF6F2}.Release|Any CPU.ActiveCfg = Release|Any CPU
		{630EA81F-5749-4D5D-B6F8-0DC60F1DF6F2}.Release|Any CPU.Build.0 = Release|Any CPU
		{A676DC80-086E-49BF-84A1-0292C70D0968}.Debug|Any CPU.ActiveCfg = Debug|Any CPU
		{A676DC80-086E-49BF-84A1-0292C70D0968}.Debug|Any CPU.Build.0 = Debug|Any CPU
		{A676DC80-086E-49BF-84A1-0292C70D0968}.Release|Any CPU.ActiveCfg = Release|Any CPU
		{A676DC80-086E-49BF-84A1-0292C70D0968}.Release|Any CPU.Build.0 = Release|Any CPU
		{220CEC24-7769-4162-8A98-664D8115518E}.Debug|Any CPU.ActiveCfg = Debug|Any CPU
		{220CEC24-7769-4162-8A98-664D8115518E}.Debug|Any CPU.Build.0 = Debug|Any CPU
		{220CEC24-7769-4162-8A98-664D8115518E}.Release|Any CPU.ActiveCfg = Release|Any CPU
		{220CEC24-7769-4162-8A98-664D8115518E}.Release|Any CPU.Build.0 = Release|Any CPU
		{25FA6710-095A-404E-A56B-4B00709079A3}.Debug|Any CPU.ActiveCfg = Debug|Any CPU
		{25FA6710-095A-404E-A56B-4B00709079A3}.Debug|Any CPU.Build.0 = Debug|Any CPU
		{25FA6710-095A-404E-A56B-4B00709079A3}.Release|Any CPU.ActiveCfg = Release|Any CPU
		{25FA6710-095A-404E-A56B-4B00709079A3}.Release|Any CPU.Build.0 = Release|Any CPU
		{1E609FEC-C70C-44BC-9F2B-366E5D36B4F0}.Debug|Any CPU.ActiveCfg = Debug|Any CPU
		{1E609FEC-C70C-44BC-9F2B-366E5D36B4F0}.Debug|Any CPU.Build.0 = Debug|Any CPU
		{1E609FEC-C70C-44BC-9F2B-366E5D36B4F0}.Release|Any CPU.ActiveCfg = Release|Any CPU
		{1E609FEC-C70C-44BC-9F2B-366E5D36B4F0}.Release|Any CPU.Build.0 = Release|Any CPU
		{773AF582-120C-4A25-85D5-5997633EA4B1}.Debug|Any CPU.ActiveCfg = Debug|Any CPU
		{773AF582-120C-4A25-85D5-5997633EA4B1}.Debug|Any CPU.Build.0 = Debug|Any CPU
		{773AF582-120C-4A25-85D5-5997633EA4B1}.Release|Any CPU.ActiveCfg = Release|Any CPU
		{773AF582-120C-4A25-85D5-5997633EA4B1}.Release|Any CPU.Build.0 = Release|Any CPU
		{FC8871AF-832F-463E-8958-8ABA0C56A7FB}.Debug|Any CPU.ActiveCfg = Debug|Any CPU
		{FC8871AF-832F-463E-8958-8ABA0C56A7FB}.Debug|Any CPU.Build.0 = Debug|Any CPU
		{FC8871AF-832F-463E-8958-8ABA0C56A7FB}.Release|Any CPU.ActiveCfg = Release|Any CPU
		{FC8871AF-832F-463E-8958-8ABA0C56A7FB}.Release|Any CPU.Build.0 = Release|Any CPU
		{8D6FD286-1A7F-44D1-8391-EFF479A46C37}.Debug|Any CPU.ActiveCfg = Debug|Any CPU
		{8D6FD286-1A7F-44D1-8391-EFF479A46C37}.Debug|Any CPU.Build.0 = Debug|Any CPU
		{8D6FD286-1A7F-44D1-8391-EFF479A46C37}.Release|Any CPU.ActiveCfg = Release|Any CPU
		{8D6FD286-1A7F-44D1-8391-EFF479A46C37}.Release|Any CPU.Build.0 = Release|Any CPU
		{811BD166-C50E-4DA3-A732-DBB73D6E4947}.Debug|Any CPU.ActiveCfg = Debug|Any CPU
		{811BD166-C50E-4DA3-A732-DBB73D6E4947}.Debug|Any CPU.Build.0 = Debug|Any CPU
		{811BD166-C50E-4DA3-A732-DBB73D6E4947}.Release|Any CPU.ActiveCfg = Release|Any CPU
		{811BD166-C50E-4DA3-A732-DBB73D6E4947}.Release|Any CPU.Build.0 = Release|Any CPU
		{7A8EA45D-791F-4A6E-8687-7CFEBD2B3D05}.Debug|Any CPU.ActiveCfg = Debug|Any CPU
		{7A8EA45D-791F-4A6E-8687-7CFEBD2B3D05}.Debug|Any CPU.Build.0 = Debug|Any CPU
		{7A8EA45D-791F-4A6E-8687-7CFEBD2B3D05}.Release|Any CPU.ActiveCfg = Release|Any CPU
		{7A8EA45D-791F-4A6E-8687-7CFEBD2B3D05}.Release|Any CPU.Build.0 = Release|Any CPU
		{45245DD0-756B-452A-8C01-43CFC42F9D31}.Debug|Any CPU.ActiveCfg = Debug|Any CPU
		{45245DD0-756B-452A-8C01-43CFC42F9D31}.Debug|Any CPU.Build.0 = Debug|Any CPU
		{45245DD0-756B-452A-8C01-43CFC42F9D31}.Release|Any CPU.ActiveCfg = Release|Any CPU
		{45245DD0-756B-452A-8C01-43CFC42F9D31}.Release|Any CPU.Build.0 = Release|Any CPU
		{B23B6FCF-E405-4E24-BBDC-052FDFCA9B38}.Debug|Any CPU.ActiveCfg = Debug|Any CPU
		{B23B6FCF-E405-4E24-BBDC-052FDFCA9B38}.Debug|Any CPU.Build.0 = Debug|Any CPU
		{B23B6FCF-E405-4E24-BBDC-052FDFCA9B38}.Release|Any CPU.ActiveCfg = Release|Any CPU
		{B23B6FCF-E405-4E24-BBDC-052FDFCA9B38}.Release|Any CPU.Build.0 = Release|Any CPU
		{4C462E56-AC56-4AA6-8FCF-BAE2D3A0AF17}.Debug|Any CPU.ActiveCfg = Debug|Any CPU
		{4C462E56-AC56-4AA6-8FCF-BAE2D3A0AF17}.Debug|Any CPU.Build.0 = Debug|Any CPU
		{4C462E56-AC56-4AA6-8FCF-BAE2D3A0AF17}.Release|Any CPU.ActiveCfg = Release|Any CPU
		{4C462E56-AC56-4AA6-8FCF-BAE2D3A0AF17}.Release|Any CPU.Build.0 = Release|Any CPU
		{ADD03EDA-6E4D-429F-BBBF-7A4C7D8191ED}.Debug|Any CPU.ActiveCfg = Debug|Any CPU
		{ADD03EDA-6E4D-429F-BBBF-7A4C7D8191ED}.Debug|Any CPU.Build.0 = Debug|Any CPU
		{ADD03EDA-6E4D-429F-BBBF-7A4C7D8191ED}.Release|Any CPU.ActiveCfg = Release|Any CPU
		{ADD03EDA-6E4D-429F-BBBF-7A4C7D8191ED}.Release|Any CPU.Build.0 = Release|Any CPU
		{70095614-CEF8-48A5-BDA4-2900345244DE}.Debug|Any CPU.ActiveCfg = Debug|Any CPU
		{70095614-CEF8-48A5-BDA4-2900345244DE}.Debug|Any CPU.Build.0 = Debug|Any CPU
		{70095614-CEF8-48A5-BDA4-2900345244DE}.Release|Any CPU.ActiveCfg = Release|Any CPU
		{70095614-CEF8-48A5-BDA4-2900345244DE}.Release|Any CPU.Build.0 = Release|Any CPU
		{ADF4FD04-A7E0-45B2-AFE0-E523302CC7A8}.Debug|Any CPU.ActiveCfg = Debug|Any CPU
		{ADF4FD04-A7E0-45B2-AFE0-E523302CC7A8}.Debug|Any CPU.Build.0 = Debug|Any CPU
		{ADF4FD04-A7E0-45B2-AFE0-E523302CC7A8}.Release|Any CPU.ActiveCfg = Release|Any CPU
		{ADF4FD04-A7E0-45B2-AFE0-E523302CC7A8}.Release|Any CPU.Build.0 = Release|Any CPU
		{8A2EB40A-5D79-4372-A881-D26058D3C968}.Debug|Any CPU.ActiveCfg = Debug|Any CPU
		{8A2EB40A-5D79-4372-A881-D26058D3C968}.Debug|Any CPU.Build.0 = Debug|Any CPU
		{8A2EB40A-5D79-4372-A881-D26058D3C968}.Release|Any CPU.ActiveCfg = Release|Any CPU
		{8A2EB40A-5D79-4372-A881-D26058D3C968}.Release|Any CPU.Build.0 = Release|Any CPU
		{AC8A06C4-0DDD-4194-AD28-24011B222FBC}.Debug|Any CPU.ActiveCfg = Debug|Any CPU
		{AC8A06C4-0DDD-4194-AD28-24011B222FBC}.Debug|Any CPU.Build.0 = Debug|Any CPU
		{AC8A06C4-0DDD-4194-AD28-24011B222FBC}.Release|Any CPU.ActiveCfg = Release|Any CPU
		{AC8A06C4-0DDD-4194-AD28-24011B222FBC}.Release|Any CPU.Build.0 = Release|Any CPU
	EndGlobalSection
	GlobalSection(SolutionProperties) = preSolution
		HideSolutionNode = FALSE
	EndGlobalSection
	GlobalSection(ExtensibilityGlobals) = postSolution
		SolutionGuid = {C09BFBEF-D7A8-4728-AF4C-A4AEBB7E52E4}
	EndGlobalSection
EndGlobal
