
Microsoft Visual Studio Solution File, Format Version 12.00
# Visual Studio 15
VisualStudioVersion = 15.0.35319.79
MinimumVisualStudioVersion = 10.0.40219.1
Project("{FAE04EC0-301F-11D3-BF4B-00C04F79EFBC}") = "AddAccount1", "AddAccount1\AddAccount1.csproj", "{24AAF6DF-F46F-44CC-929B-ACC7DE0C8ECB}"
EndProject
Project("{FAE04EC0-301F-11D3-BF4B-00C04F79EFBC}") = "SymBank.Data", "..\Module4\SymBank.Data\SymBank.Data.csproj", "{349CA254-E2BA-4029-BBDD-A81F15FC4B79}"
EndProject
Global
	GlobalSection(SolutionConfigurationPlatforms) = preSolution
		Debug|Any CPU = Debug|Any CPU
		Release|Any CPU = Release|Any CPU
	EndGlobalSection
	GlobalSection(ProjectConfigurationPlatforms) = postSolution
		{24AAF6DF-F46F-44CC-929B-ACC7DE0C8ECB}.Debug|Any CPU.ActiveCfg = Debug|Any CPU
		{24AAF6DF-F46F-44CC-929B-ACC7DE0C8ECB}.Debug|Any CPU.Build.0 = Debug|Any CPU
		{24AAF6DF-F46F-44CC-929B-ACC7DE0C8ECB}.Release|Any CPU.ActiveCfg = Release|Any CPU
		{24AAF6DF-F46F-44CC-929B-ACC7DE0C8ECB}.Release|Any CPU.Build.0 = Release|Any CPU
		{349CA254-E2BA-4029-BBDD-A81F15FC4B79}.Debug|Any CPU.ActiveCfg = Debug|Any CPU
		{349CA254-E2BA-4029-BBDD-A81F15FC4B79}.Debug|Any CPU.Build.0 = Debug|Any CPU
		{349CA254-E2BA-4029-BBDD-A81F15FC4B79}.Release|Any CPU.ActiveCfg = Release|Any CPU
		{349CA254-E2BA-4029-BBDD-A81F15FC4B79}.Release|Any CPU.Build.0 = Release|Any CPU
	EndGlobalSection
	GlobalSection(SolutionProperties) = preSolution
		HideSolutionNode = FALSE
	EndGlobalSection
	GlobalSection(ExtensibilityGlobals) = postSolution
		SolutionGuid = {E7DBE0C3-4057-4088-94CA-537FE4F0C67A}
	EndGlobalSection
EndGlobal
